// !$*UTF8*$!
{
	archiveVersion = 1;
	classes = {
	};
	objectVersion = 46;
	objects = {

/* Begin PBXBuildFile section */
		354AF430C25F294A82AB905F /* libPods-desafio-ios-testsTests.a in Frameworks */ = {isa = PBXBuildFile; fileRef = 0B29D255F761B22FC1B558B2 /* libPods-desafio-ios-testsTests.a */; };
		81E51FAB1115183BCC52D0AB /* libPods-desafio-ios-tests.a in Frameworks */ = {isa = PBXBuildFile; fileRef = A714414A7E823B14E45DE586 /* libPods-desafio-ios-tests.a */; };
		950ED86D1B9A1FE900A4AF98 /* ShotModel.m in Sources */ = {isa = PBXBuildFile; fileRef = 950ED86C1B9A1FE900A4AF98 /* ShotModel.m */; };
		950ED8701B9A22D900A4AF98 /* ShotPlayerModel.m in Sources */ = {isa = PBXBuildFile; fileRef = 950ED86F1B9A22D900A4AF98 /* ShotPlayerModel.m */; };
		950ED8721B9A242900A4AF98 /* ShotModelTests.m in Sources */ = {isa = PBXBuildFile; fileRef = 950ED8711B9A242900A4AF98 /* ShotModelTests.m */; };
		950ED8771B9A278D00A4AF98 /* ShotPlayerTests.m in Sources */ = {isa = PBXBuildFile; fileRef = 950ED8761B9A278D00A4AF98 /* ShotPlayerTests.m */; };
		950ED87A1B9A2A1200A4AF98 /* ShotViewController.m in Sources */ = {isa = PBXBuildFile; fileRef = 950ED8791B9A2A1200A4AF98 /* ShotViewController.m */; };
		950ED8801B9A2FB200A4AF98 /* ShotViewControllerTests.m in Sources */ = {isa = PBXBuildFile; fileRef = 950ED87F1B9A2FB200A4AF98 /* ShotViewControllerTests.m */; };
		950ED8841B9A378500A4AF98 /* shotCell.m in Sources */ = {isa = PBXBuildFile; fileRef = 950ED8831B9A378500A4AF98 /* shotCell.m */; };
		950ED8891B9F569C00A4AF98 /* ShotController.m in Sources */ = {isa = PBXBuildFile; fileRef = 950ED8881B9F569C00A4AF98 /* ShotController.m */; };
		95BA68BC1B9A15A7000E0EAC /* main.m in Sources */ = {isa = PBXBuildFile; fileRef = 95BA68BB1B9A15A7000E0EAC /* main.m */; };
		95BA68BF1B9A15A7000E0EAC /* AppDelegate.m in Sources */ = {isa = PBXBuildFile; fileRef = 95BA68BE1B9A15A7000E0EAC /* AppDelegate.m */; };
		95BA68C21B9A15A7000E0EAC /* DetailsViewController.m in Sources */ = {isa = PBXBuildFile; fileRef = 95BA68C11B9A15A7000E0EAC /* DetailsViewController.m */; };
		95BA68C51B9A15A7000E0EAC /* Main.storyboard in Resources */ = {isa = PBXBuildFile; fileRef = 95BA68C31B9A15A7000E0EAC /* Main.storyboard */; };
		95BA68C71B9A15A7000E0EAC /* Images.xcassets in Resources */ = {isa = PBXBuildFile; fileRef = 95BA68C61B9A15A7000E0EAC /* Images.xcassets */; };
		95BA68CA1B9A15A7000E0EAC /* LaunchScreen.xib in Resources */ = {isa = PBXBuildFile; fileRef = 95BA68C81B9A15A7000E0EAC /* LaunchScreen.xib */; };
		95BA68D61B9A15A7000E0EAC /* desafio_ios_testsTests.m in Sources */ = {isa = PBXBuildFile; fileRef = 95BA68D51B9A15A7000E0EAC /* desafio_ios_testsTests.m */; };
/* End PBXBuildFile section */

/* Begin PBXContainerItemProxy section */
		95BA68D01B9A15A7000E0EAC /* PBXContainerItemProxy */ = {
			isa = PBXContainerItemProxy;
			containerPortal = 95BA68AE1B9A15A7000E0EAC /* Project object */;
			proxyType = 1;
			remoteGlobalIDString = 95BA68B51B9A15A7000E0EAC;
			remoteInfo = "desafio-ios-tests";
		};
/* End PBXContainerItemProxy section */

/* Begin PBXFileReference section */
		0B29D255F761B22FC1B558B2 /* libPods-desafio-ios-testsTests.a */ = {isa = PBXFileReference; explicitFileType = archive.ar; includeInIndex = 0; path = "libPods-desafio-ios-testsTests.a"; sourceTree = BUILT_PRODUCTS_DIR; };
		3DC127DDABD2D60CC4C8A800 /* Pods-desafio-ios-testsTests.release.xcconfig */ = {isa = PBXFileReference; includeInIndex = 1; lastKnownFileType = text.xcconfig; name = "Pods-desafio-ios-testsTests.release.xcconfig"; path = "Pods/Target Support Files/Pods-desafio-ios-testsTests/Pods-desafio-ios-testsTests.release.xcconfig"; sourceTree = "<group>"; };
		6DA2455C07114D2B2AAC4E26 /* Pods-desafio-ios-tests.release.xcconfig */ = {isa = PBXFileReference; includeInIndex = 1; lastKnownFileType = text.xcconfig; name = "Pods-desafio-ios-tests.release.xcconfig"; path = "Pods/Target Support Files/Pods-desafio-ios-tests/Pods-desafio-ios-tests.release.xcconfig"; sourceTree = "<group>"; };
		74FC4EFBB1D076B40399CED2 /* Pods-desafio-ios-tests.debug.xcconfig */ = {isa = PBXFileReference; includeInIndex = 1; lastKnownFileType = text.xcconfig; name = "Pods-desafio-ios-tests.debug.xcconfig"; path = "Pods/Target Support Files/Pods-desafio-ios-tests/Pods-desafio-ios-tests.debug.xcconfig"; sourceTree = "<group>"; };
		950ED86B1B9A1FE900A4AF98 /* ShotModel.h */ = {isa = PBXFileReference; fileEncoding = 4; lastKnownFileType = sourcecode.c.h; path = ShotModel.h; sourceTree = "<group>"; };
		950ED86C1B9A1FE900A4AF98 /* ShotModel.m */ = {isa = PBXFileReference; fileEncoding = 4; lastKnownFileType = sourcecode.c.objc; path = ShotModel.m; sourceTree = "<group>"; };
		950ED86E1B9A22D900A4AF98 /* ShotPlayerModel.h */ = {isa = PBXFileReference; fileEncoding = 4; lastKnownFileType = sourcecode.c.h; path = ShotPlayerModel.h; sourceTree = "<group>"; };
		950ED86F1B9A22D900A4AF98 /* ShotPlayerModel.m */ = {isa = PBXFileReference; fileEncoding = 4; lastKnownFileType = sourcecode.c.objc; path = ShotPlayerModel.m; sourceTree = "<group>"; };
		950ED8711B9A242900A4AF98 /* ShotModelTests.m */ = {isa = PBXFileReference; fileEncoding = 4; lastKnownFileType = sourcecode.c.objc; path = ShotModelTests.m; sourceTree = "<group>"; };
		950ED8761B9A278D00A4AF98 /* ShotPlayerTests.m */ = {isa = PBXFileReference; fileEncoding = 4; lastKnownFileType = sourcecode.c.objc; path = ShotPlayerTests.m; sourceTree = "<group>"; };
		950ED8781B9A2A1200A4AF98 /* ShotViewController.h */ = {isa = PBXFileReference; fileEncoding = 4; lastKnownFileType = sourcecode.c.h; path = ShotViewController.h; sourceTree = "<group>"; };
		950ED8791B9A2A1200A4AF98 /* ShotViewController.m */ = {isa = PBXFileReference; fileEncoding = 4; lastKnownFileType = sourcecode.c.objc; path = ShotViewController.m; sourceTree = "<group>"; };
		950ED87F1B9A2FB200A4AF98 /* ShotViewControllerTests.m */ = {isa = PBXFileReference; fileEncoding = 4; lastKnownFileType = sourcecode.c.objc; path = ShotViewControllerTests.m; sourceTree = "<group>"; };
		950ED8821B9A378500A4AF98 /* shotCell.h */ = {isa = PBXFileReference; fileEncoding = 4; lastKnownFileType = sourcecode.c.h; path = shotCell.h; sourceTree = "<group>"; };
		950ED8831B9A378500A4AF98 /* shotCell.m */ = {isa = PBXFileReference; fileEncoding = 4; lastKnownFileType = sourcecode.c.objc; path = shotCell.m; sourceTree = "<group>"; };
		950ED8871B9F569C00A4AF98 /* ShotController.h */ = {isa = PBXFileReference; fileEncoding = 4; lastKnownFileType = sourcecode.c.h; path = ShotController.h; sourceTree = "<group>"; };
		950ED8881B9F569C00A4AF98 /* ShotController.m */ = {isa = PBXFileReference; fileEncoding = 4; lastKnownFileType = sourcecode.c.objc; path = ShotController.m; sourceTree = "<group>"; };
		95BA68B61B9A15A7000E0EAC /* desafio-ios-tests.app */ = {isa = PBXFileReference; explicitFileType = wrapper.application; includeInIndex = 0; path = "desafio-ios-tests.app"; sourceTree = BUILT_PRODUCTS_DIR; };
		95BA68BA1B9A15A7000E0EAC /* Info.plist */ = {isa = PBXFileReference; lastKnownFileType = text.plist.xml; path = Info.plist; sourceTree = "<group>"; };
		95BA68BB1B9A15A7000E0EAC /* main.m */ = {isa = PBXFileReference; lastKnownFileType = sourcecode.c.objc; path = main.m; sourceTree = "<group>"; };
		95BA68BD1B9A15A7000E0EAC /* AppDelegate.h */ = {isa = PBXFileReference; lastKnownFileType = sourcecode.c.h; path = AppDelegate.h; sourceTree = "<group>"; };
		95BA68BE1B9A15A7000E0EAC /* AppDelegate.m */ = {isa = PBXFileReference; lastKnownFileType = sourcecode.c.objc; path = AppDelegate.m; sourceTree = "<group>"; };
		95BA68C01B9A15A7000E0EAC /* DetailsViewController.h */ = {isa = PBXFileReference; lastKnownFileType = sourcecode.c.h; path = DetailsViewController.h; sourceTree = "<group>"; };
		95BA68C11B9A15A7000E0EAC /* DetailsViewController.m */ = {isa = PBXFileReference; lastKnownFileType = sourcecode.c.objc; path = DetailsViewController.m; sourceTree = "<group>"; };
		95BA68C41B9A15A7000E0EAC /* Base */ = {isa = PBXFileReference; lastKnownFileType = file.storyboard; name = Base; path = Base.lproj/Main.storyboard; sourceTree = "<group>"; };
		95BA68C61B9A15A7000E0EAC /* Images.xcassets */ = {isa = PBXFileReference; lastKnownFileType = folder.assetcatalog; path = Images.xcassets; sourceTree = "<group>"; };
		95BA68C91B9A15A7000E0EAC /* Base */ = {isa = PBXFileReference; lastKnownFileType = file.xib; name = Base; path = Base.lproj/LaunchScreen.xib; sourceTree = "<group>"; };
		95BA68CF1B9A15A7000E0EAC /* desafio-ios-testsTests.xctest */ = {isa = PBXFileReference; explicitFileType = wrapper.cfbundle; includeInIndex = 0; path = "desafio-ios-testsTests.xctest"; sourceTree = BUILT_PRODUCTS_DIR; };
		95BA68D41B9A15A7000E0EAC /* Info.plist */ = {isa = PBXFileReference; lastKnownFileType = text.plist.xml; path = Info.plist; sourceTree = "<group>"; };
		95BA68D51B9A15A7000E0EAC /* desafio_ios_testsTests.m */ = {isa = PBXFileReference; lastKnownFileType = sourcecode.c.objc; path = desafio_ios_testsTests.m; sourceTree = "<group>"; };
		A714414A7E823B14E45DE586 /* libPods-desafio-ios-tests.a */ = {isa = PBXFileReference; explicitFileType = archive.ar; includeInIndex = 0; path = "libPods-desafio-ios-tests.a"; sourceTree = BUILT_PRODUCTS_DIR; };
		B9FCC9FC507856AE4E934500 /* Pods-desafio-ios-testsTests.debug.xcconfig */ = {isa = PBXFileReference; includeInIndex = 1; lastKnownFileType = text.xcconfig; name = "Pods-desafio-ios-testsTests.debug.xcconfig"; path = "Pods/Target Support Files/Pods-desafio-ios-testsTests/Pods-desafio-ios-testsTests.debug.xcconfig"; sourceTree = "<group>"; };
/* End PBXFileReference section */

/* Begin PBXFrameworksBuildPhase section */
		95BA68B31B9A15A7000E0EAC /* Frameworks */ = {
			isa = PBXFrameworksBuildPhase;
			buildActionMask = 2147483647;
			files = (
				81E51FAB1115183BCC52D0AB /* libPods-desafio-ios-tests.a in Frameworks */,
			);
			runOnlyForDeploymentPostprocessing = 0;
		};
		95BA68CC1B9A15A7000E0EAC /* Frameworks */ = {
			isa = PBXFrameworksBuildPhase;
			buildActionMask = 2147483647;
			files = (
				354AF430C25F294A82AB905F /* libPods-desafio-ios-testsTests.a in Frameworks */,
			);
			runOnlyForDeploymentPostprocessing = 0;
		};
/* End PBXFrameworksBuildPhase section */

/* Begin PBXGroup section */
		8652DF9F993DC05FDB34009A /* Frameworks */ = {
			isa = PBXGroup;
			children = (
				A714414A7E823B14E45DE586 /* libPods-desafio-ios-tests.a */,
				0B29D255F761B22FC1B558B2 /* libPods-desafio-ios-testsTests.a */,
			);
			name = Frameworks;
			sourceTree = "<group>";
		};
		950ED8811B9A375C00A4AF98 /* CustomCells */ = {
			isa = PBXGroup;
			children = (
				950ED8821B9A378500A4AF98 /* shotCell.h */,
				950ED8831B9A378500A4AF98 /* shotCell.m */,
			);
			name = CustomCells;
			sourceTree = "<group>";
		};
		954B0C9A1B9A1F4D00FC30FB /* ViewControllers */ = {
			isa = PBXGroup;
			children = (
				95BA68C01B9A15A7000E0EAC /* DetailsViewController.h */,
				95BA68C11B9A15A7000E0EAC /* DetailsViewController.m */,
				950ED8781B9A2A1200A4AF98 /* ShotViewController.h */,
				950ED8791B9A2A1200A4AF98 /* ShotViewController.m */,
			);
			name = ViewControllers;
			sourceTree = "<group>";
		};
		954B0C9B1B9A1F5600FC30FB /* Model */ = {
			isa = PBXGroup;
			children = (
				950ED86B1B9A1FE900A4AF98 /* ShotModel.h */,
				950ED86C1B9A1FE900A4AF98 /* ShotModel.m */,
				950ED86E1B9A22D900A4AF98 /* ShotPlayerModel.h */,
				950ED86F1B9A22D900A4AF98 /* ShotPlayerModel.m */,
			);
			name = Model;
			sourceTree = "<group>";
		};
		95BA68AD1B9A15A7000E0EAC = {
			isa = PBXGroup;
			children = (
				95BA68B81B9A15A7000E0EAC /* desafio-ios-tests */,
				95BA68D21B9A15A7000E0EAC /* desafio-ios-testsTests */,
				95BA68B71B9A15A7000E0EAC /* Products */,
				A0EE9A8854DABBF97ECF8BDC /* Pods */,
				8652DF9F993DC05FDB34009A /* Frameworks */,
			);
			sourceTree = "<group>";
		};
		95BA68B71B9A15A7000E0EAC /* Products */ = {
			isa = PBXGroup;
			children = (
				95BA68B61B9A15A7000E0EAC /* desafio-ios-tests.app */,
				95BA68CF1B9A15A7000E0EAC /* desafio-ios-testsTests.xctest */,
			);
			name = Products;
			sourceTree = "<group>";
		};
		95BA68B81B9A15A7000E0EAC /* desafio-ios-tests */ = {
			isa = PBXGroup;
			children = (
				950ED8871B9F569C00A4AF98 /* ShotController.h */,
				950ED8881B9F569C00A4AF98 /* ShotController.m */,
				950ED8811B9A375C00A4AF98 /* CustomCells */,
				954B0C9B1B9A1F5600FC30FB /* Model */,
				954B0C9A1B9A1F4D00FC30FB /* ViewControllers */,
				95BA68BD1B9A15A7000E0EAC /* AppDelegate.h */,
				95BA68BE1B9A15A7000E0EAC /* AppDelegate.m */,
				95BA68C31B9A15A7000E0EAC /* Main.storyboard */,
				95BA68C61B9A15A7000E0EAC /* Images.xcassets */,
				95BA68C81B9A15A7000E0EAC /* LaunchScreen.xib */,
				95BA68B91B9A15A7000E0EAC /* Supporting Files */,
			);
			path = "desafio-ios-tests";
			sourceTree = "<group>";
		};
		95BA68B91B9A15A7000E0EAC /* Supporting Files */ = {
			isa = PBXGroup;
			children = (
				95BA68BA1B9A15A7000E0EAC /* Info.plist */,
				95BA68BB1B9A15A7000E0EAC /* main.m */,
			);
			name = "Supporting Files";
			sourceTree = "<group>";
		};
		95BA68D21B9A15A7000E0EAC /* desafio-ios-testsTests */ = {
			isa = PBXGroup;
			children = (
				950ED8761B9A278D00A4AF98 /* ShotPlayerTests.m */,
				950ED8711B9A242900A4AF98 /* ShotModelTests.m */,
				95BA68D51B9A15A7000E0EAC /* desafio_ios_testsTests.m */,
				950ED87F1B9A2FB200A4AF98 /* ShotViewControllerTests.m */,
				95BA68D31B9A15A7000E0EAC /* Supporting Files */,
			);
			path = "desafio-ios-testsTests";
			sourceTree = "<group>";
		};
		95BA68D31B9A15A7000E0EAC /* Supporting Files */ = {
			isa = PBXGroup;
			children = (
				95BA68D41B9A15A7000E0EAC /* Info.plist */,
			);
			name = "Supporting Files";
			sourceTree = "<group>";
		};
		A0EE9A8854DABBF97ECF8BDC /* Pods */ = {
			isa = PBXGroup;
			children = (
				74FC4EFBB1D076B40399CED2 /* Pods-desafio-ios-tests.debug.xcconfig */,
				6DA2455C07114D2B2AAC4E26 /* Pods-desafio-ios-tests.release.xcconfig */,
				B9FCC9FC507856AE4E934500 /* Pods-desafio-ios-testsTests.debug.xcconfig */,
				3DC127DDABD2D60CC4C8A800 /* Pods-desafio-ios-testsTests.release.xcconfig */,
			);
			name = Pods;
			sourceTree = "<group>";
		};
/* End PBXGroup section */

/* Begin PBXNativeTarget section */
		95BA68B51B9A15A7000E0EAC /* desafio-ios-tests */ = {
			isa = PBXNativeTarget;
			buildConfigurationList = 95BA68D91B9A15A7000E0EAC /* Build configuration list for PBXNativeTarget "desafio-ios-tests" */;
			buildPhases = (
				E1CCB4141995CBAC836F44EB /* Check Pods Manifest.lock */,
				95BA68B21B9A15A7000E0EAC /* Sources */,
				95BA68B31B9A15A7000E0EAC /* Frameworks */,
				95BA68B41B9A15A7000E0EAC /* Resources */,
				7D99444AFFBB9C219B593C07 /* Copy Pods Resources */,
			);
			buildRules = (
			);
			dependencies = (
			);
			name = "desafio-ios-tests";
			productName = "desafio-ios-tests";
			productReference = 95BA68B61B9A15A7000E0EAC /* desafio-ios-tests.app */;
			productType = "com.apple.product-type.application";
		};
		95BA68CE1B9A15A7000E0EAC /* desafio-ios-testsTests */ = {
			isa = PBXNativeTarget;
			buildConfigurationList = 95BA68DC1B9A15A7000E0EAC /* Build configuration list for PBXNativeTarget "desafio-ios-testsTests" */;
			buildPhases = (
				BC3779FA16784DE065C30C8E /* Check Pods Manifest.lock */,
				95BA68CB1B9A15A7000E0EAC /* Sources */,
				95BA68CC1B9A15A7000E0EAC /* Frameworks */,
				95BA68CD1B9A15A7000E0EAC /* Resources */,
				3A058E827C26A9C0A1D51D45 /* Copy Pods Resources */,
			);
			buildRules = (
			);
			dependencies = (
				95BA68D11B9A15A7000E0EAC /* PBXTargetDependency */,
			);
			name = "desafio-ios-testsTests";
			productName = "desafio-ios-testsTests";
			productReference = 95BA68CF1B9A15A7000E0EAC /* desafio-ios-testsTests.xctest */;
			productType = "com.apple.product-type.bundle.unit-test";
		};
/* End PBXNativeTarget section */

/* Begin PBXProject section */
		95BA68AE1B9A15A7000E0EAC /* Project object */ = {
			isa = PBXProject;
			attributes = {
				LastUpgradeCheck = 0640;
				ORGANIZATIONNAME = "Bruno Rendeiro";
				TargetAttributes = {
					95BA68B51B9A15A7000E0EAC = {
						CreatedOnToolsVersion = 6.4;
					};
					95BA68CE1B9A15A7000E0EAC = {
						CreatedOnToolsVersion = 6.4;
						TestTargetID = 95BA68B51B9A15A7000E0EAC;
					};
				};
			};
			buildConfigurationList = 95BA68B11B9A15A7000E0EAC /* Build configuration list for PBXProject "desafio-ios-tests" */;
			compatibilityVersion = "Xcode 3.2";
			developmentRegion = English;
			hasScannedForEncodings = 0;
			knownRegions = (
				en,
				Base,
			);
			mainGroup = 95BA68AD1B9A15A7000E0EAC;
			productRefGroup = 95BA68B71B9A15A7000E0EAC /* Products */;
			projectDirPath = "";
			projectRoot = "";
			targets = (
				95BA68B51B9A15A7000E0EAC /* desafio-ios-tests */,
				95BA68CE1B9A15A7000E0EAC /* desafio-ios-testsTests */,
			);
		};
/* End PBXProject section */

/* Begin PBXResourcesBuildPhase section */
		95BA68B41B9A15A7000E0EAC /* Resources */ = {
			isa = PBXResourcesBuildPhase;
			buildActionMask = 2147483647;
			files = (
				95BA68C51B9A15A7000E0EAC /* Main.storyboard in Resources */,
				95BA68CA1B9A15A7000E0EAC /* LaunchScreen.xib in Resources */,
				95BA68C71B9A15A7000E0EAC /* Images.xcassets in Resources */,
			);
			runOnlyForDeploymentPostprocessing = 0;
		};
		95BA68CD1B9A15A7000E0EAC /* Resources */ = {
			isa = PBXResourcesBuildPhase;
			buildActionMask = 2147483647;
			files = (
			);
			runOnlyForDeploymentPostprocessing = 0;
		};
/* End PBXResourcesBuildPhase section */

/* Begin PBXShellScriptBuildPhase section */
		3A058E827C26A9C0A1D51D45 /* Copy Pods Resources */ = {
			isa = PBXShellScriptBuildPhase;
			buildActionMask = 2147483647;
			files = (
			);
			inputPaths = (
			);
			name = "Copy Pods Resources";
			outputPaths = (
			);
			runOnlyForDeploymentPostprocessing = 0;
			shellPath = /bin/sh;
			shellScript = "\"${SRCROOT}/Pods/Target Support Files/Pods-desafio-ios-testsTests/Pods-desafio-ios-testsTests-resources.sh\"\n";
			showEnvVarsInLog = 0;
		};
		7D99444AFFBB9C219B593C07 /* Copy Pods Resources */ = {
			isa = PBXShellScriptBuildPhase;
			buildActionMask = 2147483647;
			files = (
			);
			inputPaths = (
			);
			name = "Copy Pods Resources";
			outputPaths = (
			);
			runOnlyForDeploymentPostprocessing = 0;
			shellPath = /bin/sh;
			shellScript = "\"${SRCROOT}/Pods/Target Support Files/Pods-desafio-ios-tests/Pods-desafio-ios-tests-resources.sh\"\n";
			showEnvVarsInLog = 0;
		};
		BC3779FA16784DE065C30C8E /* Check Pods Manifest.lock */ = {
			isa = PBXShellScriptBuildPhase;
			buildActionMask = 2147483647;
			files = (
			);
			inputPaths = (
			);
			name = "Check Pods Manifest.lock";
			outputPaths = (
			);
			runOnlyForDeploymentPostprocessing = 0;
			shellPath = /bin/sh;
			shellScript = "diff \"${PODS_ROOT}/../Podfile.lock\" \"${PODS_ROOT}/Manifest.lock\" > /dev/null\nif [[ $? != 0 ]] ; then\n    cat << EOM\nerror: The sandbox is not in sync with the Podfile.lock. Run 'pod install' or update your CocoaPods installation.\nEOM\n    exit 1\nfi\n";
			showEnvVarsInLog = 0;
		};
		E1CCB4141995CBAC836F44EB /* Check Pods Manifest.lock */ = {
			isa = PBXShellScriptBuildPhase;
			buildActionMask = 2147483647;
			files = (
			);
			inputPaths = (
			);
			name = "Check Pods Manifest.lock";
			outputPaths = (
			);
			runOnlyForDeploymentPostprocessing = 0;
			shellPath = /bin/sh;
			shellScript = "diff \"${PODS_ROOT}/../Podfile.lock\" \"${PODS_ROOT}/Manifest.lock\" > /dev/null\nif [[ $? != 0 ]] ; then\n    cat << EOM\nerror: The sandbox is not in sync with the Podfile.lock. Run 'pod install' or update your CocoaPods installation.\nEOM\n    exit 1\nfi\n";
			showEnvVarsInLog = 0;
		};
/* End PBXShellScriptBuildPhase section */

/* Begin PBXSourcesBuildPhase section */
		95BA68B21B9A15A7000E0EAC /* Sources */ = {
			isa = PBXSourcesBuildPhase;
			buildActionMask = 2147483647;
			files = (
				950ED8701B9A22D900A4AF98 /* ShotPlayerModel.m in Sources */,
				95BA68C21B9A15A7000E0EAC /* DetailsViewController.m in Sources */,
				950ED86D1B9A1FE900A4AF98 /* ShotModel.m in Sources */,
				950ED8841B9A378500A4AF98 /* shotCell.m in Sources */,
				95BA68BF1B9A15A7000E0EAC /* AppDelegate.m in Sources */,
				950ED8891B9F569C00A4AF98 /* ShotController.m in Sources */,
				950ED87A1B9A2A1200A4AF98 /* ShotViewController.m in Sources */,
				95BA68BC1B9A15A7000E0EAC /* main.m in Sources */,
			);
			runOnlyForDeploymentPostprocessing = 0;
		};
		95BA68CB1B9A15A7000E0EAC /* Sources */ = {
			isa = PBXSourcesBuildPhase;
			buildActionMask = 2147483647;
			files = (
				950ED8801B9A2FB200A4AF98 /* ShotViewControllerTests.m in Sources */,
				95BA68D61B9A15A7000E0EAC /* desafio_ios_testsTests.m in Sources */,
				950ED8771B9A278D00A4AF98 /* ShotPlayerTests.m in Sources */,
				950ED8721B9A242900A4AF98 /* ShotModelTests.m in Sources */,
			);
			runOnlyForDeploymentPostprocessing = 0;
		};
/* End PBXSourcesBuildPhase section */

/* Begin PBXTargetDependency section */
		95BA68D11B9A15A7000E0EAC /* PBXTargetDependency */ = {
			isa = PBXTargetDependency;
			target = 95BA68B51B9A15A7000E0EAC /* desafio-ios-tests */;
			targetProxy = 95BA68D01B9A15A7000E0EAC /* PBXContainerItemProxy */;
		};
/* End PBXTargetDependency section */

/* Begin PBXVariantGroup section */
		95BA68C31B9A15A7000E0EAC /* Main.storyboard */ = {
			isa = PBXVariantGroup;
			children = (
				95BA68C41B9A15A7000E0EAC /* Base */,
			);
			name = Main.storyboard;
			sourceTree = "<group>";
		};
		95BA68C81B9A15A7000E0EAC /* LaunchScreen.xib */ = {
			isa = PBXVariantGroup;
			children = (
				95BA68C91B9A15A7000E0EAC /* Base */,
			);
			name = LaunchScreen.xib;
			sourceTree = "<group>";
		};
/* End PBXVariantGroup section */

/* Begin XCBuildConfiguration section */
		95BA68D71B9A15A7000E0EAC /* Debug */ = {
			isa = XCBuildConfiguration;
			buildSettings = {
				ALWAYS_SEARCH_USER_PATHS = NO;
				CLANG_CXX_LANGUAGE_STANDARD = "gnu++0x";
				CLANG_CXX_LIBRARY = "libc++";
				CLANG_ENABLE_MODULES = YES;
				CLANG_ENABLE_OBJC_ARC = YES;
				CLANG_WARN_BOOL_CONVERSION = YES;
				CLANG_WARN_CONSTANT_CONVERSION = YES;
				CLANG_WARN_DIRECT_OBJC_ISA_USAGE = YES_ERROR;
				CLANG_WARN_EMPTY_BODY = YES;
				CLANG_WARN_ENUM_CONVERSION = YES;
				CLANG_WARN_INT_CONVERSION = YES;
				CLANG_WARN_OBJC_ROOT_CLASS = YES_ERROR;
				CLANG_WARN_UNREACHABLE_CODE = YES;
				CLANG_WARN__DUPLICATE_METHOD_MATCH = YES;
				"CODE_SIGN_IDENTITY[sdk=iphoneos*]" = "iPhone Developer";
				COPY_PHASE_STRIP = NO;
				DEBUG_INFORMATION_FORMAT = "dwarf-with-dsym";
				ENABLE_STRICT_OBJC_MSGSEND = YES;
				GCC_C_LANGUAGE_STANDARD = gnu99;
				GCC_DYNAMIC_NO_PIC = NO;
				GCC_NO_COMMON_BLOCKS = YES;
				GCC_OPTIMIZATION_LEVEL = 0;
				GCC_PREPROCESSOR_DEFINITIONS = (
					"DEBUG=1",
					"$(inherited)",
				);
				GCC_SYMBOLS_PRIVATE_EXTERN = NO;
				GCC_WARN_64_TO_32_BIT_CONVERSION = YES;
				GCC_WARN_ABOUT_RETURN_TYPE = YES_ERROR;
				GCC_WARN_UNDECLARED_SELECTOR = YES;
				GCC_WARN_UNINITIALIZED_AUTOS = YES_AGGRESSIVE;
				GCC_WARN_UNUSED_FUNCTION = YES;
				GCC_WARN_UNUSED_VARIABLE = YES;
				IPHONEOS_DEPLOYMENT_TARGET = 8.4;
				MTL_ENABLE_DEBUG_INFO = YES;
				ONLY_ACTIVE_ARCH = YES;
				SDKROOT = iphoneos;
				TARGETED_DEVICE_FAMILY = "1,2";
			};
			name = Debug;
		};
		95BA68D81B9A15A7000E0EAC /* Release */ = {
			isa = XCBuildConfiguration;
			buildSettings = {
				ALWAYS_SEARCH_USER_PATHS = NO;
				CLANG_CXX_LANGUAGE_STANDARD = "gnu++0x";
				CLANG_CXX_LIBRARY = "libc++";
				CLANG_ENABLE_MODULES = YES;
				CLANG_ENABLE_OBJC_ARC = YES;
				CLANG_WARN_BOOL_CONVERSION = YES;
				CLANG_WARN_CONSTANT_CONVERSION = YES;
				CLANG_WARN_DIRECT_OBJC_ISA_USAGE = YES_ERROR;
				CLANG_WARN_EMPTY_BODY = YES;
				CLANG_WARN_ENUM_CONVERSION = YES;
				CLANG_WARN_INT_CONVERSION = YES;
				CLANG_WARN_OBJC_ROOT_CLASS = YES_ERROR;
				CLANG_WARN_UNREACHABLE_CODE = YES;
				CLANG_WARN__DUPLICATE_METHOD_MATCH = YES;
				"CODE_SIGN_IDENTITY[sdk=iphoneos*]" = "iPhone Developer";
				COPY_PHASE_STRIP = NO;
				DEBUG_INFORMATION_FORMAT = "dwarf-with-dsym";
				ENABLE_NS_ASSERTIONS = NO;
				ENABLE_STRICT_OBJC_MSGSEND = YES;
				GCC_C_LANGUAGE_STANDARD = gnu99;
				GCC_NO_COMMON_BLOCKS = YES;
				GCC_WARN_64_TO_32_BIT_CONVERSION = YES;
				GCC_WARN_ABOUT_RETURN_TYPE = YES_ERROR;
				GCC_WARN_UNDECLARED_SELECTOR = YES;
				GCC_WARN_UNINITIALIZED_AUTOS = YES_AGGRESSIVE;
				GCC_WARN_UNUSED_FUNCTION = YES;
				GCC_WARN_UNUSED_VARIABLE = YES;
				IPHONEOS_DEPLOYMENT_TARGET = 8.4;
				MTL_ENABLE_DEBUG_INFO = NO;
				SDKROOT = iphoneos;
				TARGETED_DEVICE_FAMILY = "1,2";
				VALIDATE_PRODUCT = YES;
			};
			name = Release;
		};
		95BA68DA1B9A15A7000E0EAC /* Debug */ = {
			isa = XCBuildConfiguration;
			baseConfigurationReference = 74FC4EFBB1D076B40399CED2 /* Pods-desafio-ios-tests.debug.xcconfig */;
			buildSettings = {
				ASSETCATALOG_COMPILER_APPICON_NAME = AppIcon;
				INFOPLIST_FILE = "desafio-ios-tests/Info.plist";
				LD_RUNPATH_SEARCH_PATHS = "$(inherited) @executable_path/Frameworks";
				PRODUCT_NAME = "$(TARGET_NAME)";
			};
			name = Debug;
		};
		95BA68DB1B9A15A7000E0EAC /* Release */ = {
			isa = XCBuildConfiguration;
			baseConfigurationReference = 6DA2455C07114D2B2AAC4E26 /* Pods-desafio-ios-tests.release.xcconfig */;
			buildSettings = {
				ASSETCATALOG_COMPILER_APPICON_NAME = AppIcon;
				INFOPLIST_FILE = "desafio-ios-tests/Info.plist";
				LD_RUNPATH_SEARCH_PATHS = "$(inherited) @executable_path/Frameworks";
				PRODUCT_NAME = "$(TARGET_NAME)";
			};
			name = Release;
		};
		95BA68DD1B9A15A7000E0EAC /* Debug */ = {
			isa = XCBuildConfiguration;
			baseConfigurationReference = B9FCC9FC507856AE4E934500 /* Pods-desafio-ios-testsTests.debug.xcconfig */;
			buildSettings = {
				BUNDLE_LOADER = "$(TEST_HOST)";
				FRAMEWORK_SEARCH_PATHS = (
					"$(SDKROOT)/Developer/Library/Frameworks",
					"$(inherited)",
				);
				GCC_PREPROCESSOR_DEFINITIONS = (
					"DEBUG=1",
					"$(inherited)",
				);
				INFOPLIST_FILE = "desafio-ios-testsTests/Info.plist";
				LD_RUNPATH_SEARCH_PATHS = "$(inherited) @executable_path/Frameworks @loader_path/Frameworks";
				PRODUCT_NAME = "$(TARGET_NAME)";
				TEST_HOST = "$(BUILT_PRODUCTS_DIR)/desafio-ios-tests.app/desafio-ios-tests";
			};
			name = Debug;
		};
		95BA68DE1B9A15A7000E0EAC /* Release */ = {
			isa = XCBuildConfiguration;
			baseConfigurationReference = 3DC127DDABD2D60CC4C8A800 /* Pods-desafio-ios-testsTests.release.xcconfig */;
			buildSettings = {
				BUNDLE_LOADER = "$(TEST_HOST)";
				FRAMEWORK_SEARCH_PATHS = (
					"$(SDKROOT)/Developer/Library/Frameworks",
					"$(inherited)",
				);
				INFOPLIST_FILE = "desafio-ios-testsTests/Info.plist";
				LD_RUNPATH_SEARCH_PATHS = "$(inherited) @executable_path/Frameworks @loader_path/Frameworks";
				PRODUCT_NAME = "$(TARGET_NAME)";
				TEST_HOST = "$(BUILT_PRODUCTS_DIR)/desafio-ios-tests.app/desafio-ios-tests";
			};
			name = Release;
		};
/* End XCBuildConfiguration section */

/* Begin XCConfigurationList section */
		95BA68B11B9A15A7000E0EAC /* Build configuration list for PBXProject "desafio-ios-tests" */ = {
			isa = XCConfigurationList;
			buildConfigurations = (
				95BA68D71B9A15A7000E0EAC /* Debug */,
				95BA68D81B9A15A7000E0EAC /* Release */,
			);
			defaultConfigurationIsVisible = 0;
			defaultConfigurationName = Release;
		};
		95BA68D91B9A15A7000E0EAC /* Build configuration list for PBXNativeTarget "desafio-ios-tests" */ = {
			isa = XCConfigurationList;
			buildConfigurations = (
				95BA68DA1B9A15A7000E0EAC /* Debug */,
				95BA68DB1B9A15A7000E0EAC /* Release */,
			);
			defaultConfigurationIsVisible = 0;
			defaultConfigurationName = Release;
		};
		95BA68DC1B9A15A7000E0EAC /* Build configuration list for PBXNativeTarget "desafio-ios-testsTests" */ = {
			isa = XCConfigurationList;
			buildConfigurations = (
				95BA68DD1B9A15A7000E0EAC /* Debug */,
				95BA68DE1B9A15A7000E0EAC /* Release */,
			);
			defaultConfigurationIsVisible = 0;
			defaultConfigurationName = Release;
		};
/* End XCConfigurationList section */
	};
	rootObject = 95BA68AE1B9A15A7000E0EAC /* Project object */;
}
